
Microsoft Visual Studio Solution File, Format Version 12.00
# Visual Studio Version 17
VisualStudioVersion = 17.6.33815.320
MinimumVisualStudioVersion = 10.0.40219.1
Project("{FAE04EC0-301F-11D3-BF4B-00C04F79EFBC}") = "AllTPlayer_App.Android", "AllTPlayer_App\AllTPlayer_App.Android\AllTPlayer_App.Android.csproj", "{C8596899-B07A-4795-BFB6-710C2DE8C1B2}"
EndProject
Project("{FAE04EC0-301F-11D3-BF4B-00C04F79EFBC}") = "AllTPlayer_App", "AllTPlayer_App\AllTPlayer_App\AllTPlayer_App.csproj", "{16478D82-2763-4ADE-A4B6-2E57B0C0D20A}"
EndProject
Global
	GlobalSection(SolutionConfigurationPlatforms) = preSolution
		Debug|Any CPU = Debug|Any CPU
		Release|Any CPU = Release|Any CPU
	EndGlobalSection
	GlobalSection(ProjectConfigurationPlatforms) = postSolution
		{C8596899-B07A-4795-BFB6-710C2DE8C1B2}.Debug|Any CPU.ActiveCfg = Debug|Any CPU
		{C8596899-B07A-4795-BFB6-710C2DE8C1B2}.Debug|Any CPU.Build.0 = Debug|Any CPU
		{C8596899-B07A-4795-BFB6-710C2DE8C1B2}.Debug|Any CPU.Deploy.0 = Debug|Any CPU
		{C8596899-B07A-4795-BFB6-710C2DE8C1B2}.Release|Any CPU.ActiveCfg = Release|Any CPU
		{C8596899-B07A-4795-BFB6-710C2DE8C1B2}.Release|Any CPU.Build.0 = Release|Any CPU
		{C8596899-B07A-4795-BFB6-710C2DE8C1B2}.Release|Any CPU.Deploy.0 = Release|Any CPU
		{16478D82-2763-4ADE-A4B6-2E57B0C0D20A}.Debug|Any CPU.ActiveCfg = Debug|Any CPU
		{16478D82-2763-4ADE-A4B6-2E57B0C0D20A}.Debug|Any CPU.Build.0 = Debug|Any CPU
		{16478D82-2763-4ADE-A4B6-2E57B0C0D20A}.Debug|Any CPU.Deploy.0 = Debug|Any CPU
		{16478D82-2763-4ADE-A4B6-2E57B0C0D20A}.Release|Any CPU.ActiveCfg = Release|Any CPU
		{16478D82-2763-4ADE-A4B6-2E57B0C0D20A}.Release|Any CPU.Build.0 = Release|Any CPU
		{16478D82-2763-4ADE-A4B6-2E57B0C0D20A}.Release|Any CPU.Deploy.0 = Release|Any CPU
	EndGlobalSection
	GlobalSection(SolutionProperties) = preSolution
		HideSolutionNode = FALSE
	EndGlobalSection
	GlobalSection(ExtensibilityGlobals) = postSolution
		SolutionGuid = {68CE22B6-0B0C-4B90-9ACE-15C5AADD5CD3}
	EndGlobalSection
EndGlobal
